{
  "name": "github_manager",
  "version": "1.0.0",
  "lockfileVersion": 3,
  "requires": true,
  "packages": {
    "": {
      "name": "github_manager",
      "version": "1.0.0",
      "license": "ISC",
      "dependencies": {
        "dotenv": "^16.4.5",
        "repository_creator": "file:../Repository_Creator",
        "repository_deletor": "file:../Repository_Deletor"
      }
    },
    "../Relativity_Provider": {
      "version": "1.0.0",
      "extraneous": true,
      "license": "ISC"
    },
    "../Repository_Creator": {
      "name": "repository_creator",
      "version": "1.0.0",
      "license": "ISC",
      "dependencies": {
        "repository_cloner": "file:../Repository_Cloner"
      }
    },
    "../Repository_Deletor": {
      "name": "repository_deletor",
      "version": "1.0.0",
      "license": "ISC"
    },
    "node_modules/dotenv": {
      "version": "16.4.5",
      "resolved": "https://registry.npmjs.org/dotenv/-/dotenv-16.4.5.tgz",
      "integrity": "sha512-ZmdL2rui+eB2YwhsWzjInR8LldtZHGDoQ1ugH85ppHKwpUHL7j7rN0Ti9NCnGiQbhaZ11FpR+7ao1dNsmduNUg==",
      "engines": {
        "node": ">=12"
      },
      "funding": {
        "url": "https://dotenvx.com"
      }
    },
    "node_modules/repository_creator": {
      "resolved": "../Repository_Creator",
      "link": true
    },
    "node_modules/repository_deletor": {
      "resolved": "../Repository_Deletor",
      "link": true
    }
  }
}
